
Microsoft Visual Studio Solution File, Format Version 12.00
# Visual Studio Version 16
VisualStudioVersion = 16.0.31205.134
MinimumVisualStudioVersion = 10.0.40219.1
Project("{2150E333-8FDC-42A3-9474-1A3956D46DE8}") = "Back", "Back", "{B00BC810-53DE-4361-A048-863AFA5B3235}"
EndProject
Project("{2150E333-8FDC-42A3-9474-1A3956D46DE8}") = "Front", "Front", "{A481E4A6-8D33-4FF5-AE7B-B93E82ABC0F0}"
EndProject
Project("{2150E333-8FDC-42A3-9474-1A3956D46DE8}") = "Business data servise", "Business data servise", "{6CC35EEF-9DB0-4592-AAF4-27644BE49081}"
EndProject
Project("{2150E333-8FDC-42A3-9474-1A3956D46DE8}") = "Common data service", "Common data service", "{8C965D6D-F938-4E84-80EE-ECB004E62B38}"
EndProject
Project("{2150E333-8FDC-42A3-9474-1A3956D46DE8}") = "Client data service", "Client data service", "{3634C320-62B9-43F1-B70C-EACD82FC8B04}"
EndProject
Project("{2150E333-8FDC-42A3-9474-1A3956D46DE8}") = "Test", "Test", "{F61A21B0-F662-4F6A-8D67-A2430AF6B8E8}"
EndProject
Project("{9A19103F-16F7-4668-BE54-9A1E7A4F7556}") = "UnitTestProject", "Test\UnitTestProject\UnitTestProject.csproj", "{3F17158D-48E7-4B1C-8E2A-FE08429BDF0B}"
EndProject
Project("{9A19103F-16F7-4668-BE54-9A1E7A4F7556}") = "IntegrationTestProject", "Test\IntegrationTestProject\IntegrationTestProject.csproj", "{8CE8A298-8051-4BC9-8F28-CE12609820D8}"
EndProject
Project("{9A19103F-16F7-4668-BE54-9A1E7A4F7556}") = "TravelCompanyClient", "Front\TravelCompanyClient\TravelCompanyClient.csproj", "{9A784C36-7B02-4B90-BCA0-E556A770884D}"
EndProject
Project("{9A19103F-16F7-4668-BE54-9A1E7A4F7556}") = "TravelCompanyWebApi.BusinessDAL", "Back\Business data service\TravelCompanyWebApi.BusinessDAL\TravelCompanyWebApi.BusinessDAL.csproj", "{34BC2585-5CC1-49A1-83F2-B6BC1052D037}"
EndProject
Project("{9A19103F-16F7-4668-BE54-9A1E7A4F7556}") = "TravelCompanyWebApi.BusinessWebApi", "Back\Business data service\TravelCompanyWebApi.BusinessWebApi\TravelCompanyWebApi.BusinessWebApi.csproj", "{59EB3D19-CC0F-4EFA-AE83-0AD4F9D9BAE2}"
EndProject
Project("{9A19103F-16F7-4668-BE54-9A1E7A4F7556}") = "TravelCompanyWebApi.BusinessBLL", "Back\Business data service\TravelCompanyWebApi.BusinessBLL\TravelCompanyWebApi.BusinessBLL.csproj", "{88D25FEC-2A5D-49B3-AFD9-148B777DC9BC}"
EndProject
Project("{9A19103F-16F7-4668-BE54-9A1E7A4F7556}") = "ClientDataGrpcService", "Back\Client data service\ClientGrpcService\ClientDataGrpcService.csproj", "{1408C338-03F4-408E-A36A-24CBE44C43EC}"
EndProject
Project("{9A19103F-16F7-4668-BE54-9A1E7A4F7556}") = "TravelCompanyWebApi", "Back\Common data service\TravelCompanyWebApi\TravelCompanyWebApi.csproj", "{547FBC4A-BF63-4C5E-A32E-112B624A62B9}"
EndProject
Project("{9A19103F-16F7-4668-BE54-9A1E7A4F7556}") = "TravelCompanyWebApi.CQRS", "Back\Common data service\TravelCompanyWebApi.CQRS\TravelCompanyWebApi.CQRS.csproj", "{D23EF7F2-AB7A-420B-9A48-D49CB91CA13C}"
EndProject
Project("{9A19103F-16F7-4668-BE54-9A1E7A4F7556}") = "TravelCompanyWebApi.Infrastructure", "Back\Common data service\TravelCompanyWebApi.Infrastructure\TravelCompanyWebApi.Infrastructure.csproj", "{130FFDE9-5D32-4A7D-9908-D2DD35E48701}"
EndProject
Project("{9A19103F-16F7-4668-BE54-9A1E7A4F7556}") = "TravelCompanyWebApi.Mapper", "Back\Common data service\TravelCompanyWebApi.Mapper\TravelCompanyWebApi.Mapper.csproj", "{D7103246-F214-43BF-B393-B9F9676E9E27}"
EndProject
Project("{9A19103F-16F7-4668-BE54-9A1E7A4F7556}") = "TravelCompanyWebApi.Repository", "Back\Common data service\TravelCompanyWebApi.Repository\TravelCompanyWebApi.Repository.csproj", "{8DE47938-C3F8-4077-834E-355236D4B5F7}"
EndProject
Project("{9A19103F-16F7-4668-BE54-9A1E7A4F7556}") = "TravelCompanyWebApi.Service", "Back\Common data service\TravelCompanyWebApi.Service\TravelCompanyWebApi.Service.csproj", "{89AA5B6D-F91F-48AE-95D2-BB017CA75194}"
EndProject
Project("{9A19103F-16F7-4668-BE54-9A1E7A4F7556}") = "TravelCompanyWebApi.Validator", "Back\Common data service\TravelCompanyWebApi.Validator\TravelCompanyWebApi.Validator.csproj", "{7D25A4F0-0A9F-486A-A4FE-B35F3E7F076B}"
EndProject
Project("{9A19103F-16F7-4668-BE54-9A1E7A4F7556}") = "TravelCompanyIdentityServer", "Back\TravelCompanyIdentityServer\TravelCompanyIdentityServer.csproj", "{E9D9AAE1-6D86-4C64-8861-7EA84F9C46F9}"
EndProject
Project("{9A19103F-16F7-4668-BE54-9A1E7A4F7556}") = "TravelCompanyWebApi.Gateway", "Back\TravelCompanyWebApi.Gateway\TravelCompanyWebApi.Gateway.csproj", "{568924CB-878B-479B-A072-850EC65C3542}"
EndProject
Global
	GlobalSection(SolutionConfigurationPlatforms) = preSolution
		Debug|Any CPU = Debug|Any CPU
		Release|Any CPU = Release|Any CPU
	EndGlobalSection
	GlobalSection(ProjectConfigurationPlatforms) = postSolution
		{3F17158D-48E7-4B1C-8E2A-FE08429BDF0B}.Debug|Any CPU.ActiveCfg = Debug|Any CPU
		{3F17158D-48E7-4B1C-8E2A-FE08429BDF0B}.Debug|Any CPU.Build.0 = Debug|Any CPU
		{3F17158D-48E7-4B1C-8E2A-FE08429BDF0B}.Release|Any CPU.ActiveCfg = Release|Any CPU
		{3F17158D-48E7-4B1C-8E2A-FE08429BDF0B}.Release|Any CPU.Build.0 = Release|Any CPU
		{8CE8A298-8051-4BC9-8F28-CE12609820D8}.Debug|Any CPU.ActiveCfg = Debug|Any CPU
		{8CE8A298-8051-4BC9-8F28-CE12609820D8}.Debug|Any CPU.Build.0 = Debug|Any CPU
		{8CE8A298-8051-4BC9-8F28-CE12609820D8}.Release|Any CPU.ActiveCfg = Release|Any CPU
		{8CE8A298-8051-4BC9-8F28-CE12609820D8}.Release|Any CPU.Build.0 = Release|Any CPU
		{9A784C36-7B02-4B90-BCA0-E556A770884D}.Debug|Any CPU.ActiveCfg = Debug|Any CPU
		{9A784C36-7B02-4B90-BCA0-E556A770884D}.Debug|Any CPU.Build.0 = Debug|Any CPU
		{9A784C36-7B02-4B90-BCA0-E556A770884D}.Release|Any CPU.ActiveCfg = Release|Any CPU
		{9A784C36-7B02-4B90-BCA0-E556A770884D}.Release|Any CPU.Build.0 = Release|Any CPU
		{34BC2585-5CC1-49A1-83F2-B6BC1052D037}.Debug|Any CPU.ActiveCfg = Debug|Any CPU
		{34BC2585-5CC1-49A1-83F2-B6BC1052D037}.Debug|Any CPU.Build.0 = Debug|Any CPU
		{34BC2585-5CC1-49A1-83F2-B6BC1052D037}.Release|Any CPU.ActiveCfg = Release|Any CPU
		{34BC2585-5CC1-49A1-83F2-B6BC1052D037}.Release|Any CPU.Build.0 = Release|Any CPU
		{59EB3D19-CC0F-4EFA-AE83-0AD4F9D9BAE2}.Debug|Any CPU.ActiveCfg = Debug|Any CPU
		{59EB3D19-CC0F-4EFA-AE83-0AD4F9D9BAE2}.Debug|Any CPU.Build.0 = Debug|Any CPU
		{59EB3D19-CC0F-4EFA-AE83-0AD4F9D9BAE2}.Release|Any CPU.ActiveCfg = Release|Any CPU
		{59EB3D19-CC0F-4EFA-AE83-0AD4F9D9BAE2}.Release|Any CPU.Build.0 = Release|Any CPU
		{88D25FEC-2A5D-49B3-AFD9-148B777DC9BC}.Debug|Any CPU.ActiveCfg = Debug|Any CPU
		{88D25FEC-2A5D-49B3-AFD9-148B777DC9BC}.Debug|Any CPU.Build.0 = Debug|Any CPU
		{88D25FEC-2A5D-49B3-AFD9-148B777DC9BC}.Release|Any CPU.ActiveCfg = Release|Any CPU
		{88D25FEC-2A5D-49B3-AFD9-148B777DC9BC}.Release|Any CPU.Build.0 = Release|Any CPU
		{1408C338-03F4-408E-A36A-24CBE44C43EC}.Debug|Any CPU.ActiveCfg = Debug|Any CPU
		{1408C338-03F4-408E-A36A-24CBE44C43EC}.Debug|Any CPU.Build.0 = Debug|Any CPU
		{1408C338-03F4-408E-A36A-24CBE44C43EC}.Release|Any CPU.ActiveCfg = Release|Any CPU
		{1408C338-03F4-408E-A36A-24CBE44C43EC}.Release|Any CPU.Build.0 = Release|Any CPU
		{547FBC4A-BF63-4C5E-A32E-112B624A62B9}.Debug|Any CPU.ActiveCfg = Debug|Any CPU
		{547FBC4A-BF63-4C5E-A32E-112B624A62B9}.Debug|Any CPU.Build.0 = Debug|Any CPU
		{547FBC4A-BF63-4C5E-A32E-112B624A62B9}.Release|Any CPU.ActiveCfg = Release|Any CPU
		{547FBC4A-BF63-4C5E-A32E-112B624A62B9}.Release|Any CPU.Build.0 = Release|Any CPU
		{D23EF7F2-AB7A-420B-9A48-D49CB91CA13C}.Debug|Any CPU.ActiveCfg = Debug|Any CPU
		{D23EF7F2-AB7A-420B-9A48-D49CB91CA13C}.Debug|Any CPU.Build.0 = Debug|Any CPU
		{D23EF7F2-AB7A-420B-9A48-D49CB91CA13C}.Release|Any CPU.ActiveCfg = Release|Any CPU
		{D23EF7F2-AB7A-420B-9A48-D49CB91CA13C}.Release|Any CPU.Build.0 = Release|Any CPU
		{130FFDE9-5D32-4A7D-9908-D2DD35E48701}.Debug|Any CPU.ActiveCfg = Debug|Any CPU
		{130FFDE9-5D32-4A7D-9908-D2DD35E48701}.Debug|Any CPU.Build.0 = Debug|Any CPU
		{130FFDE9-5D32-4A7D-9908-D2DD35E48701}.Release|Any CPU.ActiveCfg = Release|Any CPU
		{130FFDE9-5D32-4A7D-9908-D2DD35E48701}.Release|Any CPU.Build.0 = Release|Any CPU
		{D7103246-F214-43BF-B393-B9F9676E9E27}.Debug|Any CPU.ActiveCfg = Debug|Any CPU
		{D7103246-F214-43BF-B393-B9F9676E9E27}.Debug|Any CPU.Build.0 = Debug|Any CPU
		{D7103246-F214-43BF-B393-B9F9676E9E27}.Release|Any CPU.ActiveCfg = Release|Any CPU
		{D7103246-F214-43BF-B393-B9F9676E9E27}.Release|Any CPU.Build.0 = Release|Any CPU
		{8DE47938-C3F8-4077-834E-355236D4B5F7}.Debug|Any CPU.ActiveCfg = Debug|Any CPU
		{8DE47938-C3F8-4077-834E-355236D4B5F7}.Debug|Any CPU.Build.0 = Debug|Any CPU
		{8DE47938-C3F8-4077-834E-355236D4B5F7}.Release|Any CPU.ActiveCfg = Release|Any CPU
		{8DE47938-C3F8-4077-834E-355236D4B5F7}.Release|Any CPU.Build.0 = Release|Any CPU
		{89AA5B6D-F91F-48AE-95D2-BB017CA75194}.Debug|Any CPU.ActiveCfg = Debug|Any CPU
		{89AA5B6D-F91F-48AE-95D2-BB017CA75194}.Debug|Any CPU.Build.0 = Debug|Any CPU
		{89AA5B6D-F91F-48AE-95D2-BB017CA75194}.Release|Any CPU.ActiveCfg = Release|Any CPU
		{89AA5B6D-F91F-48AE-95D2-BB017CA75194}.Release|Any CPU.Build.0 = Release|Any CPU
		{7D25A4F0-0A9F-486A-A4FE-B35F3E7F076B}.Debug|Any CPU.ActiveCfg = Debug|Any CPU
		{7D25A4F0-0A9F-486A-A4FE-B35F3E7F076B}.Debug|Any CPU.Build.0 = Debug|Any CPU
		{7D25A4F0-0A9F-486A-A4FE-B35F3E7F076B}.Release|Any CPU.ActiveCfg = Release|Any CPU
		{7D25A4F0-0A9F-486A-A4FE-B35F3E7F076B}.Release|Any CPU.Build.0 = Release|Any CPU
		{E9D9AAE1-6D86-4C64-8861-7EA84F9C46F9}.Debug|Any CPU.ActiveCfg = Debug|Any CPU
		{E9D9AAE1-6D86-4C64-8861-7EA84F9C46F9}.Debug|Any CPU.Build.0 = Debug|Any CPU
		{E9D9AAE1-6D86-4C64-8861-7EA84F9C46F9}.Release|Any CPU.ActiveCfg = Release|Any CPU
		{E9D9AAE1-6D86-4C64-8861-7EA84F9C46F9}.Release|Any CPU.Build.0 = Release|Any CPU
		{568924CB-878B-479B-A072-850EC65C3542}.Debug|Any CPU.ActiveCfg = Debug|Any CPU
		{568924CB-878B-479B-A072-850EC65C3542}.Debug|Any CPU.Build.0 = Debug|Any CPU
		{568924CB-878B-479B-A072-850EC65C3542}.Release|Any CPU.ActiveCfg = Release|Any CPU
		{568924CB-878B-479B-A072-850EC65C3542}.Release|Any CPU.Build.0 = Release|Any CPU
	EndGlobalSection
	GlobalSection(SolutionProperties) = preSolution
		HideSolutionNode = FALSE
	EndGlobalSection
	GlobalSection(NestedProjects) = preSolution
		{6CC35EEF-9DB0-4592-AAF4-27644BE49081} = {B00BC810-53DE-4361-A048-863AFA5B3235}
		{8C965D6D-F938-4E84-80EE-ECB004E62B38} = {B00BC810-53DE-4361-A048-863AFA5B3235}
		{3634C320-62B9-43F1-B70C-EACD82FC8B04} = {B00BC810-53DE-4361-A048-863AFA5B3235}
		{3F17158D-48E7-4B1C-8E2A-FE08429BDF0B} = {F61A21B0-F662-4F6A-8D67-A2430AF6B8E8}
		{8CE8A298-8051-4BC9-8F28-CE12609820D8} = {F61A21B0-F662-4F6A-8D67-A2430AF6B8E8}
		{9A784C36-7B02-4B90-BCA0-E556A770884D} = {A481E4A6-8D33-4FF5-AE7B-B93E82ABC0F0}
		{34BC2585-5CC1-49A1-83F2-B6BC1052D037} = {6CC35EEF-9DB0-4592-AAF4-27644BE49081}
		{59EB3D19-CC0F-4EFA-AE83-0AD4F9D9BAE2} = {6CC35EEF-9DB0-4592-AAF4-27644BE49081}
		{88D25FEC-2A5D-49B3-AFD9-148B777DC9BC} = {6CC35EEF-9DB0-4592-AAF4-27644BE49081}
		{1408C338-03F4-408E-A36A-24CBE44C43EC} = {3634C320-62B9-43F1-B70C-EACD82FC8B04}
		{547FBC4A-BF63-4C5E-A32E-112B624A62B9} = {8C965D6D-F938-4E84-80EE-ECB004E62B38}
		{D23EF7F2-AB7A-420B-9A48-D49CB91CA13C} = {8C965D6D-F938-4E84-80EE-ECB004E62B38}
		{130FFDE9-5D32-4A7D-9908-D2DD35E48701} = {8C965D6D-F938-4E84-80EE-ECB004E62B38}
		{D7103246-F214-43BF-B393-B9F9676E9E27} = {8C965D6D-F938-4E84-80EE-ECB004E62B38}
		{8DE47938-C3F8-4077-834E-355236D4B5F7} = {8C965D6D-F938-4E84-80EE-ECB004E62B38}
		{89AA5B6D-F91F-48AE-95D2-BB017CA75194} = {8C965D6D-F938-4E84-80EE-ECB004E62B38}
		{7D25A4F0-0A9F-486A-A4FE-B35F3E7F076B} = {8C965D6D-F938-4E84-80EE-ECB004E62B38}
		{E9D9AAE1-6D86-4C64-8861-7EA84F9C46F9} = {B00BC810-53DE-4361-A048-863AFA5B3235}
		{568924CB-878B-479B-A072-850EC65C3542} = {B00BC810-53DE-4361-A048-863AFA5B3235}
	EndGlobalSection
	GlobalSection(ExtensibilityGlobals) = postSolution
		SolutionGuid = {706E7889-2B52-4CC4-BF32-6FC9E17CF2AA}
	EndGlobalSection
EndGlobal
