
Microsoft Visual Studio Solution File, Format Version 12.00
# Visual Studio Version 17
VisualStudioVersion = 17.1.32414.318
MinimumVisualStudioVersion = 10.0.40219.1
Project("{2150E333-8FDC-42A3-9474-1A3956D46DE8}") = "Back", "Back", "{B00BC810-53DE-4361-A048-863AFA5B3235}"
EndProject
Project("{2150E333-8FDC-42A3-9474-1A3956D46DE8}") = "Front", "Front", "{A481E4A6-8D33-4FF5-AE7B-B93E82ABC0F0}"
EndProject
Project("{9A19103F-16F7-4668-BE54-9A1E7A4F7556}") = "TravelCompanyClient", "Front\TravelCompanyClient\TravelCompanyClient.csproj", "{9A784C36-7B02-4B90-BCA0-E556A770884D}"
EndProject
Project("{9A19103F-16F7-4668-BE54-9A1E7A4F7556}") = "TravelCompany.Domain", "Domain\TravelCompany.Domain.csproj", "{C77C2A27-304B-4F4F-A168-105CA2AADB30}"
EndProject
Project("{9A19103F-16F7-4668-BE54-9A1E7A4F7556}") = "TravelCompany.Infrastructure", "Infrastructure\TravelCompany.Infrastructure.csproj", "{27FA78DA-AB2C-4515-8C57-705B4CB32D4E}"
EndProject
Project("{9A19103F-16F7-4668-BE54-9A1E7A4F7556}") = "TravelCompany.API", "TravelCompany.API\TravelCompany.API.csproj", "{6704341B-BA66-4087-8747-152264D76570}"
EndProject
Project("{9A19103F-16F7-4668-BE54-9A1E7A4F7556}") = "TravelCompany.Application", "Application\TravelCompany.Application.csproj", "{A7FC794F-D385-4562-8FBF-45A7563BA6C1}"
EndProject
Global
	GlobalSection(SolutionConfigurationPlatforms) = preSolution
		Debug|Any CPU = Debug|Any CPU
		Release|Any CPU = Release|Any CPU
	EndGlobalSection
	GlobalSection(ProjectConfigurationPlatforms) = postSolution
		{9A784C36-7B02-4B90-BCA0-E556A770884D}.Debug|Any CPU.ActiveCfg = Debug|Any CPU
		{9A784C36-7B02-4B90-BCA0-E556A770884D}.Debug|Any CPU.Build.0 = Debug|Any CPU
		{9A784C36-7B02-4B90-BCA0-E556A770884D}.Release|Any CPU.ActiveCfg = Release|Any CPU
		{9A784C36-7B02-4B90-BCA0-E556A770884D}.Release|Any CPU.Build.0 = Release|Any CPU
		{C77C2A27-304B-4F4F-A168-105CA2AADB30}.Debug|Any CPU.ActiveCfg = Debug|Any CPU
		{C77C2A27-304B-4F4F-A168-105CA2AADB30}.Debug|Any CPU.Build.0 = Debug|Any CPU
		{C77C2A27-304B-4F4F-A168-105CA2AADB30}.Release|Any CPU.ActiveCfg = Release|Any CPU
		{C77C2A27-304B-4F4F-A168-105CA2AADB30}.Release|Any CPU.Build.0 = Release|Any CPU
		{27FA78DA-AB2C-4515-8C57-705B4CB32D4E}.Debug|Any CPU.ActiveCfg = Debug|Any CPU
		{27FA78DA-AB2C-4515-8C57-705B4CB32D4E}.Debug|Any CPU.Build.0 = Debug|Any CPU
		{27FA78DA-AB2C-4515-8C57-705B4CB32D4E}.Release|Any CPU.ActiveCfg = Release|Any CPU
		{27FA78DA-AB2C-4515-8C57-705B4CB32D4E}.Release|Any CPU.Build.0 = Release|Any CPU
		{6704341B-BA66-4087-8747-152264D76570}.Debug|Any CPU.ActiveCfg = Debug|Any CPU
		{6704341B-BA66-4087-8747-152264D76570}.Debug|Any CPU.Build.0 = Debug|Any CPU
		{6704341B-BA66-4087-8747-152264D76570}.Release|Any CPU.ActiveCfg = Release|Any CPU
		{6704341B-BA66-4087-8747-152264D76570}.Release|Any CPU.Build.0 = Release|Any CPU
		{A7FC794F-D385-4562-8FBF-45A7563BA6C1}.Debug|Any CPU.ActiveCfg = Debug|Any CPU
		{A7FC794F-D385-4562-8FBF-45A7563BA6C1}.Debug|Any CPU.Build.0 = Debug|Any CPU
		{A7FC794F-D385-4562-8FBF-45A7563BA6C1}.Release|Any CPU.ActiveCfg = Release|Any CPU
		{A7FC794F-D385-4562-8FBF-45A7563BA6C1}.Release|Any CPU.Build.0 = Release|Any CPU
	EndGlobalSection
	GlobalSection(SolutionProperties) = preSolution
		HideSolutionNode = FALSE
	EndGlobalSection
	GlobalSection(NestedProjects) = preSolution
		{9A784C36-7B02-4B90-BCA0-E556A770884D} = {A481E4A6-8D33-4FF5-AE7B-B93E82ABC0F0}
		{C77C2A27-304B-4F4F-A168-105CA2AADB30} = {B00BC810-53DE-4361-A048-863AFA5B3235}
		{27FA78DA-AB2C-4515-8C57-705B4CB32D4E} = {B00BC810-53DE-4361-A048-863AFA5B3235}
		{6704341B-BA66-4087-8747-152264D76570} = {B00BC810-53DE-4361-A048-863AFA5B3235}
		{A7FC794F-D385-4562-8FBF-45A7563BA6C1} = {B00BC810-53DE-4361-A048-863AFA5B3235}
	EndGlobalSection
	GlobalSection(ExtensibilityGlobals) = postSolution
		SolutionGuid = {706E7889-2B52-4CC4-BF32-6FC9E17CF2AA}
	EndGlobalSection
EndGlobal
